
Microsoft Visual Studio Solution File, Format Version 12.00
# Visual Studio Version 17
VisualStudioVersion = 17.6.33723.286
MinimumVisualStudioVersion = 10.0.40219.1
Project("{FAE04EC0-301F-11D3-BF4B-00C04F79EFBC}") = "reto20", "reto20\reto20.csproj", "{896AA4B0-0B1D-40A1-9613-15FACF6C5F0D}"
EndProject
Global
	GlobalSection(SolutionConfigurationPlatforms) = preSolution
		Debug|Any CPU = Debug|Any CPU
		Release|Any CPU = Release|Any CPU
	EndGlobalSection
	GlobalSection(ProjectConfigurationPlatforms) = postSolution
		{896AA4B0-0B1D-40A1-9613-15FACF6C5F0D}.Debug|Any CPU.ActiveCfg = Debug|Any CPU
		{896AA4B0-0B1D-40A1-9613-15FACF6C5F0D}.Debug|Any CPU.Build.0 = Debug|Any CPU
		{896AA4B0-0B1D-40A1-9613-15FACF6C5F0D}.Release|Any CPU.ActiveCfg = Release|Any CPU
		{896AA4B0-0B1D-40A1-9613-15FACF6C5F0D}.Release|Any CPU.Build.0 = Release|Any CPU
	EndGlobalSection
	GlobalSection(SolutionProperties) = preSolution
		HideSolutionNode = FALSE
	EndGlobalSection
	GlobalSection(ExtensibilityGlobals) = postSolution
		SolutionGuid = {D790C6FB-BD63-4D80-A02E-36E972516386}
	EndGlobalSection
EndGlobal
